// !$*UTF8*$!
{
	archiveVersion = 1;
	classes = {
	};
	objectVersion = 77;
	objects = {

/* Begin PBXBuildFile section */
		310C73B62E962CCF00AA5C35 /* Home in Frameworks */ = {isa = PBXBuildFile; productRef = Home /* Home */; };
		310C73B72E962CCF00AA5C35 /* HomeForYou in Frameworks */ = {isa = PBXBuildFile; productRef = HomeForYou /* HomeForYou */; };
		310C73B82E962CCF00AA5C35 /* HomeFollowing in Frameworks */ = {isa = PBXBuildFile; productRef = HomeFollowing /* HomeFollowing */; };
		310C73B92E962CCF00AA5C35 /* Compose in Frameworks */ = {isa = PBXBuildFile; productRef = Compose /* Compose */; };
		310C73BA2E962CCF00AA5C35 /* PostDetail in Frameworks */ = {isa = PBXBuildFile; productRef = PostDetail /* PostDetail */; };
		310C73BB2E962CCF00AA5C35 /* Threading in Frameworks */ = {isa = PBXBuildFile; productRef = Threading /* Threading */; };
		310C73BC2E962CCF00AA5C35 /* Profile in Frameworks */ = {isa = PBXBuildFile; productRef = Profile /* Profile */; };
		310C73BD2E962CCF00AA5C35 /* Search in Frameworks */ = {isa = PBXBuildFile; productRef = Search /* Search */; };
		310C73BE2E962CCF00AA5C35 /* Notifications in Frameworks */ = {isa = PBXBuildFile; productRef = Notifications /* Notifications */; };
		310C73BF2E962CCF00AA5C35 /* DMs in Frameworks */ = {isa = PBXBuildFile; productRef = DMs /* DMs */; };
		3122BDC52E95FC4700E495EE /* Resources/AgoraApp.swift in Sources */ = {isa = PBXBuildFile; fileRef = 3122BDC32E95FC4700E495EE /* Resources/AgoraApp.swift */; };
		3122BDC62E95FC4700E495EE /* Resources/ContentView.swift in Sources */ = {isa = PBXBuildFile; fileRef = 3122BDC42E95FC4700E495EE /* Resources/ContentView.swift */; };
		3122BDC72E95FC4700E495EE /* Resources/Assets.xcassets in Resources */ = {isa = PBXBuildFile; fileRef = 3122BDC02E95FC4700E495EE /* Resources/Assets.xcassets */; };
		3122BDC82E95FC4700E495EE /* Resources/Localizable.strings in Resources */ = {isa = PBXBuildFile; fileRef = 3122BDC12E95FC4700E495EE /* Resources/Localizable.strings */; };
		3122BDC92E95FC4700E495EE /* Resources/Secrets.plist in Resources */ = {isa = PBXBuildFile; fileRef = 3122BDC22E95FC4700E495EE /* Resources/Secrets.plist */; };
		31499DF52E9C70EA0079E2D2 /* AuthFeature in Frameworks */ = {isa = PBXBuildFile; productRef = AuthFeature /* AuthFeature */; };
/* End PBXBuildFile section */

/* Begin PBXContainerItemProxy section */
		3122BDA22E95FC4600E495EE /* PBXContainerItemProxy */ = {
			isa = PBXContainerItemProxy;
			containerPortal = 3122BD882E95FC4500E495EE /* Project object */;
			proxyType = 1;
			remoteGlobalIDString = 3122BD8F2E95FC4500E495EE;
			remoteInfo = Agora;
		};
		3122BDAC2E95FC4700E495EE /* PBXContainerItemProxy */ = {
			isa = PBXContainerItemProxy;
			containerPortal = 3122BD882E95FC4500E495EE /* Project object */;
			proxyType = 1;
			remoteGlobalIDString = 3122BD8F2E95FC4500E495EE;
			remoteInfo = Agora;
		};
/* End PBXContainerItemProxy section */

/* Begin PBXFileReference section */
		3122BD902E95FC4500E495EE /* Agora (Dev).app */ = {isa = PBXFileReference; explicitFileType = wrapper.application; includeInIndex = 0; path = "Agora (Dev).app"; sourceTree = BUILT_PRODUCTS_DIR; };
		3122BDA12E95FC4600E495EE /* AgoraTests.xctest */ = {isa = PBXFileReference; explicitFileType = wrapper.cfbundle; includeInIndex = 0; path = AgoraTests.xctest; sourceTree = BUILT_PRODUCTS_DIR; };
		3122BDAB2E95FC4700E495EE /* AgoraUITests.xctest */ = {isa = PBXFileReference; explicitFileType = wrapper.cfbundle; includeInIndex = 0; path = AgoraUITests.xctest; sourceTree = BUILT_PRODUCTS_DIR; };
		3122BDC02E95FC4700E495EE /* Resources/Assets.xcassets */ = {isa = PBXFileReference; lastKnownFileType = folder.assetcatalog; path = Resources/Assets.xcassets; sourceTree = "<group>"; };
		3122BDC12E95FC4700E495EE /* Resources/Localizable.strings */ = {isa = PBXFileReference; lastKnownFileType = text.plist.strings; path = Resources/Localizable.strings; sourceTree = "<group>"; };
		3122BDC22E95FC4700E495EE /* Resources/Secrets.plist */ = {isa = PBXFileReference; lastKnownFileType = text.plist.xml; path = Resources/Secrets.plist; sourceTree = "<group>"; };
		3122BDC32E95FC4700E495EE /* Resources/AgoraApp.swift */ = {isa = PBXFileReference; lastKnownFileType = sourcecode.swift; path = Resources/AgoraApp.swift; sourceTree = "<group>"; };
		3122BDC42E95FC4700E495EE /* Resources/ContentView.swift */ = {isa = PBXFileReference; lastKnownFileType = sourcecode.swift; path = Resources/ContentView.swift; sourceTree = "<group>"; };
/* End PBXFileReference section */

/* Begin PBXFileSystemSynchronizedBuildFileExceptionSet section */
		3165C5B32E9C338C00A21708 /* Exceptions for "Resources" folder in "Agora" target */ = {
			isa = PBXFileSystemSynchronizedBuildFileExceptionSet;
			membershipExceptions = (
				EnvironmentConfig.swift,
				RootView.swift,
			);
			target = 3122BD8F2E95FC4500E495EE /* Agora */;
		};
/* End PBXFileSystemSynchronizedBuildFileExceptionSet section */

/* Begin PBXFileSystemSynchronizedRootGroup section */
		3122BD922E95FC4500E495EE /* Resources */ = {
			isa = PBXFileSystemSynchronizedRootGroup;
			exceptions = (
				3165C5B32E9C338C00A21708 /* Exceptions for "Resources" folder in "Agora" target */,
			);
			path = Resources;
			sourceTree = "<group>";
		};
		3122BDA42E95FC4600E495EE /* AgoraTests */ = {
			isa = PBXFileSystemSynchronizedRootGroup;
			path = AgoraTests;
			sourceTree = "<group>";
		};
		3122BDAE2E95FC4700E495EE /* AgoraUITests */ = {
			isa = PBXFileSystemSynchronizedRootGroup;
			path = AgoraUITests;
			sourceTree = "<group>";
		};
/* End PBXFileSystemSynchronizedRootGroup section */

/* Begin PBXFrameworksBuildPhase section */
		3122BD8D2E95FC4500E495EE /* Frameworks */ = {
			isa = PBXFrameworksBuildPhase;
			buildActionMask = 2147483647;
			files = (
				31499DF52E9C70EA0079E2D2 /* AuthFeature in Frameworks */,
				310C73BF2E962CCF00AA5C35 /* DMs in Frameworks */,
				310C73BE2E962CCF00AA5C35 /* Notifications in Frameworks */,
				310C73BD2E962CCF00AA5C35 /* Search in Frameworks */,
				310C73BC2E962CCF00AA5C35 /* Profile in Frameworks */,
				310C73BB2E962CCF00AA5C35 /* Threading in Frameworks */,
				310C73BA2E962CCF00AA5C35 /* PostDetail in Frameworks */,
				310C73B92E962CCF00AA5C35 /* Compose in Frameworks */,
				310C73B82E962CCF00AA5C35 /* HomeFollowing in Frameworks */,
				310C73B72E962CCF00AA5C35 /* HomeForYou in Frameworks */,
				310C73B62E962CCF00AA5C35 /* Home in Frameworks */,
			);
			runOnlyForDeploymentPostprocessing = 0;
		};
		3122BD9E2E95FC4600E495EE /* Frameworks */ = {
			isa = PBXFrameworksBuildPhase;
			buildActionMask = 2147483647;
			files = (
			);
			runOnlyForDeploymentPostprocessing = 0;
		};
		3122BDA82E95FC4700E495EE /* Frameworks */ = {
			isa = PBXFrameworksBuildPhase;
			buildActionMask = 2147483647;
			files = (
			);
			runOnlyForDeploymentPostprocessing = 0;
		};
/* End PBXFrameworksBuildPhase section */

/* Begin PBXGroup section */
		310C73C02E962CCF00AA5C35 /* Recovered References */ = {
			isa = PBXGroup;
			children = (
				3122BDC32E95FC4700E495EE /* Resources/AgoraApp.swift */,
				3122BDC42E95FC4700E495EE /* Resources/ContentView.swift */,
				3122BDC02E95FC4700E495EE /* Resources/Assets.xcassets */,
				3122BDC12E95FC4700E495EE /* Resources/Localizable.strings */,
				3122BDC22E95FC4700E495EE /* Resources/Secrets.plist */,
			);
			name = "Recovered References";
			sourceTree = "<group>";
		};
		3122BD872E95FC4500E495EE = {
			isa = PBXGroup;
			children = (
				3122BD922E95FC4500E495EE /* Resources */,
				3122BDA42E95FC4600E495EE /* AgoraTests */,
				3122BDAE2E95FC4700E495EE /* AgoraUITests */,
				3122BD912E95FC4500E495EE /* Products */,
				310C73C02E962CCF00AA5C35 /* Recovered References */,
			);
			sourceTree = "<group>";
		};
		3122BD912E95FC4500E495EE /* Products */ = {
			isa = PBXGroup;
			children = (
				3122BD902E95FC4500E495EE /* Agora (Dev).app */,
				3122BDA12E95FC4600E495EE /* AgoraTests.xctest */,
				3122BDAB2E95FC4700E495EE /* AgoraUITests.xctest */,
			);
			name = Products;
			sourceTree = "<group>";
		};
/* End PBXGroup section */

/* Begin PBXNativeTarget section */
		3122BD8F2E95FC4500E495EE /* Agora */ = {
			isa = PBXNativeTarget;
			buildConfigurationList = 3122BDB42E95FC4700E495EE /* Build configuration list for PBXNativeTarget "Agora" */;
			buildPhases = (
				3122BD8C2E95FC4500E495EE /* Sources */,
				3122BD8D2E95FC4500E495EE /* Frameworks */,
				3122BD8E2E95FC4500E495EE /* Resources */,
			);
			buildRules = (
			);
			dependencies = (
			);
			name = Agora;
			packageProductDependencies = (
				AuthFeature /* AuthFeature */,
				Home /* Home */,
				HomeForYou /* HomeForYou */,
				HomeFollowing /* HomeFollowing */,
				Compose /* Compose */,
				PostDetail /* PostDetail */,
				Threading /* Threading */,
				Profile /* Profile */,
				Search /* Search */,
				Notifications /* Notifications */,
				DMs /* DMs */,
			);
			productName = Agora;
			productReference = 3122BD902E95FC4500E495EE /* Agora (Dev).app */;
			productType = "com.apple.product-type.application";
		};
		3122BDA02E95FC4600E495EE /* AgoraTests */ = {
			isa = PBXNativeTarget;
			buildConfigurationList = 3122BDB92E95FC4700E495EE /* Build configuration list for PBXNativeTarget "AgoraTests" */;
			buildPhases = (
				3122BD9D2E95FC4600E495EE /* Sources */,
				3122BD9E2E95FC4600E495EE /* Frameworks */,
				3122BD9F2E95FC4600E495EE /* Resources */,
			);
			buildRules = (
			);
			dependencies = (
				3122BDA32E95FC4600E495EE /* PBXTargetDependency */,
			);
			fileSystemSynchronizedGroups = (
				3122BDA42E95FC4600E495EE /* AgoraTests */,
			);
			name = AgoraTests;
			packageProductDependencies = (
			);
			productName = AgoraTests;
			productReference = 3122BDA12E95FC4600E495EE /* AgoraTests.xctest */;
			productType = "com.apple.product-type.bundle.unit-test";
		};
		3122BDAA2E95FC4700E495EE /* AgoraUITests */ = {
			isa = PBXNativeTarget;
			buildConfigurationList = 3122BDBC2E95FC4700E495EE /* Build configuration list for PBXNativeTarget "AgoraUITests" */;
			buildPhases = (
				3122BDA72E95FC4700E495EE /* Sources */,
				3122BDA82E95FC4700E495EE /* Frameworks */,
				3122BDA92E95FC4700E495EE /* Resources */,
			);
			buildRules = (
			);
			dependencies = (
				3122BDAD2E95FC4700E495EE /* PBXTargetDependency */,
			);
			fileSystemSynchronizedGroups = (
				3122BDAE2E95FC4700E495EE /* AgoraUITests */,
			);
			name = AgoraUITests;
			packageProductDependencies = (
			);
			productName = AgoraUITests;
			productReference = 3122BDAB2E95FC4700E495EE /* AgoraUITests.xctest */;
			productType = "com.apple.product-type.bundle.ui-testing";
		};
/* End PBXNativeTarget section */

/* Begin PBXProject section */
		3122BD882E95FC4500E495EE /* Project object */ = {
			isa = PBXProject;
			attributes = {
				BuildIndependentTargetsInParallel = 1;
				LastSwiftUpdateCheck = 2600;
				LastUpgradeCheck = 2600;
				TargetAttributes = {
					3122BD8F2E95FC4500E495EE = {
						CreatedOnToolsVersion = 26.0.1;
					};
					3122BDA02E95FC4600E495EE = {
						CreatedOnToolsVersion = 26.0.1;
						TestTargetID = 3122BD8F2E95FC4500E495EE;
					};
					3122BDAA2E95FC4700E495EE = {
						CreatedOnToolsVersion = 26.0.1;
						TestTargetID = 3122BD8F2E95FC4500E495EE;
					};
				};
			};
			buildConfigurationList = 3122BD8B2E95FC4500E495EE /* Build configuration list for PBXProject "Agora" */;
			developmentRegion = en;
			hasScannedForEncodings = 0;
			knownRegions = (
				en,
				Base,
			);
			mainGroup = 3122BD872E95FC4500E495EE;
			minimizedProjectReferenceProxies = 1;
			packageReferences = (
				AuthFeaturePackage /* XCLocalSwiftPackageReference "Packages/Features/Auth" */,
				HomePackage /* XCLocalSwiftPackageReference "Packages/Features/Home" */,
				HomeForYouPackage /* XCLocalSwiftPackageReference "Packages/Features/HomeForYou" */,
				HomeFollowingPackage /* XCLocalSwiftPackageReference "Packages/Features/HomeFollowing" */,
				ComposePackage /* XCLocalSwiftPackageReference "Packages/Features/Compose" */,
				PostDetailPackage /* XCLocalSwiftPackageReference "Packages/Features/PostDetail" */,
				ThreadingPackage /* XCLocalSwiftPackageReference "Packages/Features/Threading" */,
				ProfilePackage /* XCLocalSwiftPackageReference "Packages/Features/Profile" */,
				SearchPackage /* XCLocalSwiftPackageReference "Packages/Features/Search" */,
				NotificationsPackage /* XCLocalSwiftPackageReference "Packages/Features/Notifications" */,
				DMsPackage /* XCLocalSwiftPackageReference "Packages/Features/DMs" */,
			);
			preferredProjectObjectVersion = 77;
			productRefGroup = 3122BD912E95FC4500E495EE /* Products */;
			projectDirPath = "";
			projectRoot = "";
			targets = (
				3122BD8F2E95FC4500E495EE /* Agora */,
				3122BDA02E95FC4600E495EE /* AgoraTests */,
				3122BDAA2E95FC4700E495EE /* AgoraUITests */,
			);
		};
/* End PBXProject section */

/* Begin PBXResourcesBuildPhase section */
		3122BD8E2E95FC4500E495EE /* Resources */ = {
			isa = PBXResourcesBuildPhase;
			buildActionMask = 2147483647;
			files = (
				3122BDC72E95FC4700E495EE /* Resources/Assets.xcassets in Resources */,
				3122BDC82E95FC4700E495EE /* Resources/Localizable.strings in Resources */,
				3122BDC92E95FC4700E495EE /* Resources/Secrets.plist in Resources */,
			);
			runOnlyForDeploymentPostprocessing = 0;
		};
		3122BD9F2E95FC4600E495EE /* Resources */ = {
			isa = PBXResourcesBuildPhase;
			buildActionMask = 2147483647;
			files = (
			);
			runOnlyForDeploymentPostprocessing = 0;
		};
		3122BDA92E95FC4700E495EE /* Resources */ = {
			isa = PBXResourcesBuildPhase;
			buildActionMask = 2147483647;
			files = (
			);
			runOnlyForDeploymentPostprocessing = 0;
		};
/* End PBXResourcesBuildPhase section */

/* Begin PBXSourcesBuildPhase section */
		3122BD8C2E95FC4500E495EE /* Sources */ = {
			isa = PBXSourcesBuildPhase;
			buildActionMask = 2147483647;
			files = (
				3122BDC52E95FC4700E495EE /* Resources/AgoraApp.swift in Sources */,
				3122BDC62E95FC4700E495EE /* Resources/ContentView.swift in Sources */,
			);
			runOnlyForDeploymentPostprocessing = 0;
		};
		3122BD9D2E95FC4600E495EE /* Sources */ = {
			isa = PBXSourcesBuildPhase;
			buildActionMask = 2147483647;
			files = (
			);
			runOnlyForDeploymentPostprocessing = 0;
		};
		3122BDA72E95FC4700E495EE /* Sources */ = {
			isa = PBXSourcesBuildPhase;
			buildActionMask = 2147483647;
			files = (
			);
			runOnlyForDeploymentPostprocessing = 0;
		};
/* End PBXSourcesBuildPhase section */

/* Begin PBXTargetDependency section */
		3122BDA32E95FC4600E495EE /* PBXTargetDependency */ = {
			isa = PBXTargetDependency;
			target = 3122BD8F2E95FC4500E495EE /* Agora */;
			targetProxy = 3122BDA22E95FC4600E495EE /* PBXContainerItemProxy */;
		};
		3122BDAD2E95FC4700E495EE /* PBXTargetDependency */ = {
			isa = PBXTargetDependency;
			target = 3122BD8F2E95FC4500E495EE /* Agora */;
			targetProxy = 3122BDAC2E95FC4700E495EE /* PBXContainerItemProxy */;
		};
/* End PBXTargetDependency section */

/* Begin XCBuildConfiguration section */
		31135F9C2E9B6DC800C21EF7 /* Staging */ = {
			isa = XCBuildConfiguration;
			baseConfigurationReferenceAnchor = 3122BD922E95FC4500E495EE /* Resources */;
			baseConfigurationReferenceRelativePath = Configs/Staging.xcconfig;
			buildSettings = {
				ALWAYS_SEARCH_USER_PATHS = NO;
				ASSETCATALOG_COMPILER_GENERATE_SWIFT_ASSET_SYMBOL_EXTENSIONS = YES;
				CLANG_ANALYZER_NONNULL = YES;
				CLANG_ANALYZER_NUMBER_OBJECT_CONVERSION = YES_AGGRESSIVE;
				CLANG_CXX_LANGUAGE_STANDARD = "gnu++20";
				CLANG_ENABLE_MODULES = YES;
				CLANG_ENABLE_OBJC_ARC = YES;
				CLANG_ENABLE_OBJC_WEAK = YES;
				CLANG_WARN_BLOCK_CAPTURE_AUTORELEASING = YES;
				CLANG_WARN_BOOL_CONVERSION = YES;
				CLANG_WARN_COMMA = YES;
				CLANG_WARN_CONSTANT_CONVERSION = YES;
				CLANG_WARN_DEPRECATED_OBJC_IMPLEMENTATIONS = YES;
				CLANG_WARN_DIRECT_OBJC_ISA_USAGE = YES_ERROR;
				CLANG_WARN_DOCUMENTATION_COMMENTS = YES;
				CLANG_WARN_EMPTY_BODY = YES;
				CLANG_WARN_ENUM_CONVERSION = YES;
				CLANG_WARN_INFINITE_RECURSION = YES;
				CLANG_WARN_INT_CONVERSION = YES;
				CLANG_WARN_NON_LITERAL_NULL_CONVERSION = YES;
				CLANG_WARN_OBJC_IMPLICIT_RETAIN_SELF = YES;
				CLANG_WARN_OBJC_LITERAL_CONVERSION = YES;
				CLANG_WARN_OBJC_ROOT_CLASS = YES_ERROR;
				CLANG_WARN_QUOTED_INCLUDE_IN_FRAMEWORK_HEADER = YES;
				CLANG_WARN_RANGE_LOOP_ANALYSIS = YES;
				CLANG_WARN_STRICT_PROTOTYPES = YES;
				CLANG_WARN_SUSPICIOUS_MOVE = YES;
				CLANG_WARN_UNGUARDED_AVAILABILITY = YES_AGGRESSIVE;
				CLANG_WARN_UNREACHABLE_CODE = YES;
				CLANG_WARN__DUPLICATE_METHOD_MATCH = YES;
				COPY_PHASE_STRIP = NO;
				DEBUG_INFORMATION_FORMAT = "dwarf-with-dsym";
				DEVELOPMENT_TEAM = R86N73ZKCW;
				ENABLE_NS_ASSERTIONS = NO;
				ENABLE_STRICT_OBJC_MSGSEND = YES;
				ENABLE_USER_SCRIPT_SANDBOXING = YES;
				GCC_C_LANGUAGE_STANDARD = gnu17;
				GCC_NO_COMMON_BLOCKS = YES;
				GCC_WARN_64_TO_32_BIT_CONVERSION = YES;
				GCC_WARN_ABOUT_RETURN_TYPE = YES_ERROR;
				GCC_WARN_UNDECLARED_SELECTOR = YES;
				GCC_WARN_UNINITIALIZED_AUTOS = YES_AGGRESSIVE;
				GCC_WARN_UNUSED_FUNCTION = YES;
				GCC_WARN_UNUSED_VARIABLE = YES;
				IPHONEOS_DEPLOYMENT_TARGET = 26.0;
				LOCALIZATION_PREFERS_STRING_CATALOGS = YES;
				MTL_ENABLE_DEBUG_INFO = NO;
				MTL_FAST_MATH = YES;
				SDKROOT = iphoneos;
				SWIFT_COMPILATION_MODE = wholemodule;
				VALIDATE_PRODUCT = YES;
			};
			name = Staging;
		};
		31135F9D2E9B6DC800C21EF7 /* Staging */ = {
			isa = XCBuildConfiguration;
			baseConfigurationReferenceAnchor = 3122BD922E95FC4500E495EE /* Resources */;
			baseConfigurationReferenceRelativePath = Configs/Staging.xcconfig;
			buildSettings = {
				ASSETCATALOG_COMPILER_APPICON_NAME = "$(ASSETCATALOG_COMPILER_APPICON_NAME)";
				ASSETCATALOG_COMPILER_GLOBAL_ACCENT_COLOR_NAME = AccentColor;
				CODE_SIGN_ENTITLEMENTS = Resources/Agora.entitlements;
				CODE_SIGN_STYLE = Automatic;
				CURRENT_PROJECT_VERSION = 1;
				DEVELOPMENT_TEAM = R86N73ZKCW;
				ENABLE_PREVIEWS = YES;
				GENERATE_INFOPLIST_FILE = YES;
				INFOPLIST_FILE = Resources/Info.plist;
				INFOPLIST_KEY_CFBundleDisplayName = Agora;
				INFOPLIST_KEY_NSCameraUsageDescription = "Agora needs access to your camera to take photos and videos for posts.";
				INFOPLIST_KEY_NSContactsUsageDescription = "Agora can help you find friends by accessing your contacts.";
				INFOPLIST_KEY_NSMicrophoneUsageDescription = "Agora needs access to your microphone to record videos with audio.";
				INFOPLIST_KEY_NSPhotoLibraryUsageDescription = "Agora needs access to your photo library to select photos and videos for posts.";
				INFOPLIST_KEY_UIApplicationSceneManifest_Generation = YES;
				INFOPLIST_KEY_UIApplicationSupportsIndirectInputEvents = YES;
				INFOPLIST_KEY_UIRequiredDeviceCapabilities = armv7;
				INFOPLIST_KEY_UISupportedInterfaceOrientations = UIInterfaceOrientationPortrait;
				INFOPLIST_KEY_UISupportedInterfaceOrientations_iPad = "UIInterfaceOrientationLandscapeLeft UIInterfaceOrientationLandscapeRight UIInterfaceOrientationPortrait UIInterfaceOrientationPortraitUpsideDown";
				LD_RUNPATH_SEARCH_PATHS = (
					"$(inherited)",
					"@executable_path/Frameworks",
				);
				MARKETING_VERSION = 1.0;
				PRODUCT_BUNDLE_IDENTIFIER = "Ergo-Sum.Agora$(BUNDLE_ID_SUFFIX)";
				PRODUCT_NAME = "$(APP_DISPLAY_NAME)";
				STRING_CATALOG_GENERATE_SYMBOLS = YES;
				SWIFT_APPROACHABLE_CONCURRENCY = YES;
				SWIFT_DEFAULT_ACTOR_ISOLATION = MainActor;
				SWIFT_EMIT_LOC_STRINGS = YES;
				SWIFT_UPCOMING_FEATURE_MEMBER_IMPORT_VISIBILITY = YES;
				SWIFT_VERSION = 5.0;
				TARGETED_DEVICE_FAMILY = "1,2";
			};
			name = Staging;
		};
		31135F9E2E9B6DC800C21EF7 /* Staging */ = {
			isa = XCBuildConfiguration;
			baseConfigurationReferenceAnchor = 3122BD922E95FC4500E495EE /* Resources */;
			baseConfigurationReferenceRelativePath = Configs/Staging.xcconfig;
			buildSettings = {
				BUNDLE_LOADER = "$(TEST_HOST)";
				CODE_SIGN_STYLE = Automatic;
				CURRENT_PROJECT_VERSION = 1;
				DEVELOPMENT_TEAM = R86N73ZKCW;
				GENERATE_INFOPLIST_FILE = YES;
				IPHONEOS_DEPLOYMENT_TARGET = 26.0;
				MARKETING_VERSION = 1.0;
				PRODUCT_BUNDLE_IDENTIFIER = "Ergo-Sum.AgoraTests";
				PRODUCT_NAME = "$(TARGET_NAME)";
				STRING_CATALOG_GENERATE_SYMBOLS = NO;
				SWIFT_APPROACHABLE_CONCURRENCY = YES;
				SWIFT_EMIT_LOC_STRINGS = NO;
				SWIFT_UPCOMING_FEATURE_MEMBER_IMPORT_VISIBILITY = YES;
				SWIFT_VERSION = 5.0;
				TARGETED_DEVICE_FAMILY = "1,2";
				TEST_HOST = "$(BUILT_PRODUCTS_DIR)/Agora.app/$(BUNDLE_EXECUTABLE_FOLDER_PATH)/Agora";
			};
			name = Staging;
		};
		31135F9F2E9B6DC800C21EF7 /* Staging */ = {
			isa = XCBuildConfiguration;
			baseConfigurationReferenceAnchor = 3122BD922E95FC4500E495EE /* Resources */;
			baseConfigurationReferenceRelativePath = Configs/Staging.xcconfig;
			buildSettings = {
				CODE_SIGN_STYLE = Automatic;
				CURRENT_PROJECT_VERSION = 1;
				DEVELOPMENT_TEAM = R86N73ZKCW;
				GENERATE_INFOPLIST_FILE = YES;
				MARKETING_VERSION = 1.0;
				PRODUCT_BUNDLE_IDENTIFIER = "Ergo-Sum.AgoraUITests";
				PRODUCT_NAME = "$(TARGET_NAME)";
				STRING_CATALOG_GENERATE_SYMBOLS = NO;
				SWIFT_APPROACHABLE_CONCURRENCY = YES;
				SWIFT_EMIT_LOC_STRINGS = NO;
				SWIFT_UPCOMING_FEATURE_MEMBER_IMPORT_VISIBILITY = YES;
				SWIFT_VERSION = 5.0;
				TARGETED_DEVICE_FAMILY = "1,2";
				TEST_TARGET_NAME = Agora;
			};
			name = Staging;
		};
		3122BDB52E95FC4700E495EE /* Debug */ = {
			isa = XCBuildConfiguration;
			baseConfigurationReferenceAnchor = 3122BD922E95FC4500E495EE /* Resources */;
			baseConfigurationReferenceRelativePath = Configs/Debug.xcconfig;
			buildSettings = {
				ASSETCATALOG_COMPILER_APPICON_NAME = "$(ASSETCATALOG_COMPILER_APPICON_NAME)";
				ASSETCATALOG_COMPILER_GLOBAL_ACCENT_COLOR_NAME = AccentColor;
				CODE_SIGN_ENTITLEMENTS = Resources/Agora.entitlements;
				CODE_SIGN_STYLE = Automatic;
				CURRENT_PROJECT_VERSION = 1;
				DEVELOPMENT_TEAM = R86N73ZKCW;
				ENABLE_PREVIEWS = YES;
				GENERATE_INFOPLIST_FILE = YES;
				INFOPLIST_FILE = Resources/Info.plist;
				INFOPLIST_KEY_CFBundleDisplayName = Agora;
				INFOPLIST_KEY_NSCameraUsageDescription = "Agora needs access to your camera to take photos and videos for posts.";
				INFOPLIST_KEY_NSContactsUsageDescription = "Agora can help you find friends by accessing your contacts.";
				INFOPLIST_KEY_NSMicrophoneUsageDescription = "Agora needs access to your microphone to record videos with audio.";
				INFOPLIST_KEY_NSPhotoLibraryUsageDescription = "Agora needs access to your photo library to select photos and videos for posts.";
				INFOPLIST_KEY_UIApplicationSceneManifest_Generation = YES;
				INFOPLIST_KEY_UIApplicationSupportsIndirectInputEvents = YES;
				INFOPLIST_KEY_UIRequiredDeviceCapabilities = armv7;
				INFOPLIST_KEY_UISupportedInterfaceOrientations = UIInterfaceOrientationPortrait;
				INFOPLIST_KEY_UISupportedInterfaceOrientations_iPad = "UIInterfaceOrientationLandscapeLeft UIInterfaceOrientationLandscapeRight UIInterfaceOrientationPortrait UIInterfaceOrientationPortraitUpsideDown";
				LD_RUNPATH_SEARCH_PATHS = (
					"$(inherited)",
					"@executable_path/Frameworks",
				);
				MARKETING_VERSION = 1.0;
				PRODUCT_BUNDLE_IDENTIFIER = "Ergo-Sum.Agora$(BUNDLE_ID_SUFFIX)";
				PRODUCT_NAME = "$(APP_DISPLAY_NAME)";
				STRING_CATALOG_GENERATE_SYMBOLS = YES;
				SWIFT_APPROACHABLE_CONCURRENCY = YES;
				SWIFT_DEFAULT_ACTOR_ISOLATION = MainActor;
				SWIFT_EMIT_LOC_STRINGS = YES;
				SWIFT_UPCOMING_FEATURE_MEMBER_IMPORT_VISIBILITY = YES;
				SWIFT_VERSION = 5.0;
				TARGETED_DEVICE_FAMILY = "1,2";
			};
			name = Debug;
		};
		3122BDB62E95FC4700E495EE /* Release */ = {
			isa = XCBuildConfiguration;
			baseConfigurationReferenceAnchor = 3122BD922E95FC4500E495EE /* Resources */;
			baseConfigurationReferenceRelativePath = Configs/Production.xcconfig;
			buildSettings = {
				ASSETCATALOG_COMPILER_APPICON_NAME = "$(ASSETCATALOG_COMPILER_APPICON_NAME)";
				ASSETCATALOG_COMPILER_GLOBAL_ACCENT_COLOR_NAME = AccentColor;
				CODE_SIGN_ENTITLEMENTS = Resources/Agora.entitlements;
				CODE_SIGN_STYLE = Automatic;
				CURRENT_PROJECT_VERSION = 1;
				DEVELOPMENT_TEAM = R86N73ZKCW;
				ENABLE_PREVIEWS = YES;
				GENERATE_INFOPLIST_FILE = YES;
				INFOPLIST_FILE = Resources/Info.plist;
				INFOPLIST_KEY_CFBundleDisplayName = Agora;
				INFOPLIST_KEY_NSCameraUsageDescription = "Agora needs access to your camera to take photos and videos for posts.";
				INFOPLIST_KEY_NSContactsUsageDescription = "Agora can help you find friends by accessing your contacts.";
				INFOPLIST_KEY_NSMicrophoneUsageDescription = "Agora needs access to your microphone to record videos with audio.";
				INFOPLIST_KEY_NSPhotoLibraryUsageDescription = "Agora needs access to your photo library to select photos and videos for posts.";
				INFOPLIST_KEY_UIApplicationSceneManifest_Generation = YES;
				INFOPLIST_KEY_UIApplicationSupportsIndirectInputEvents = YES;
				INFOPLIST_KEY_UIRequiredDeviceCapabilities = armv7;
				INFOPLIST_KEY_UISupportedInterfaceOrientations = UIInterfaceOrientationPortrait;
				INFOPLIST_KEY_UISupportedInterfaceOrientations_iPad = "UIInterfaceOrientationLandscapeLeft UIInterfaceOrientationLandscapeRight UIInterfaceOrientationPortrait UIInterfaceOrientationPortraitUpsideDown";
				LD_RUNPATH_SEARCH_PATHS = (
					"$(inherited)",
					"@executable_path/Frameworks",
				);
				MARKETING_VERSION = 1.0;
				PRODUCT_BUNDLE_IDENTIFIER = "Ergo-Sum.Agora$(BUNDLE_ID_SUFFIX)";
				PRODUCT_NAME = "$(APP_DISPLAY_NAME)";
				STRING_CATALOG_GENERATE_SYMBOLS = YES;
				SWIFT_APPROACHABLE_CONCURRENCY = YES;
				SWIFT_DEFAULT_ACTOR_ISOLATION = MainActor;
				SWIFT_EMIT_LOC_STRINGS = YES;
				SWIFT_UPCOMING_FEATURE_MEMBER_IMPORT_VISIBILITY = YES;
				SWIFT_VERSION = 5.0;
				TARGETED_DEVICE_FAMILY = "1,2";
			};
			name = Release;
		};
		3122BDB72E95FC4700E495EE /* Debug */ = {
			isa = XCBuildConfiguration;
			baseConfigurationReferenceAnchor = 3122BD922E95FC4500E495EE /* Resources */;
			baseConfigurationReferenceRelativePath = Configs/Debug.xcconfig;
			buildSettings = {
				ALWAYS_SEARCH_USER_PATHS = NO;
				ASSETCATALOG_COMPILER_GENERATE_SWIFT_ASSET_SYMBOL_EXTENSIONS = YES;
				CLANG_ANALYZER_NONNULL = YES;
				CLANG_ANALYZER_NUMBER_OBJECT_CONVERSION = YES_AGGRESSIVE;
				CLANG_CXX_LANGUAGE_STANDARD = "gnu++20";
				CLANG_ENABLE_MODULES = YES;
				CLANG_ENABLE_OBJC_ARC = YES;
				CLANG_ENABLE_OBJC_WEAK = YES;
				CLANG_WARN_BLOCK_CAPTURE_AUTORELEASING = YES;
				CLANG_WARN_BOOL_CONVERSION = YES;
				CLANG_WARN_COMMA = YES;
				CLANG_WARN_CONSTANT_CONVERSION = YES;
				CLANG_WARN_DEPRECATED_OBJC_IMPLEMENTATIONS = YES;
				CLANG_WARN_DIRECT_OBJC_ISA_USAGE = YES_ERROR;
				CLANG_WARN_DOCUMENTATION_COMMENTS = YES;
				CLANG_WARN_EMPTY_BODY = YES;
				CLANG_WARN_ENUM_CONVERSION = YES;
				CLANG_WARN_INFINITE_RECURSION = YES;
				CLANG_WARN_INT_CONVERSION = YES;
				CLANG_WARN_NON_LITERAL_NULL_CONVERSION = YES;
				CLANG_WARN_OBJC_IMPLICIT_RETAIN_SELF = YES;
				CLANG_WARN_OBJC_LITERAL_CONVERSION = YES;
				CLANG_WARN_OBJC_ROOT_CLASS = YES_ERROR;
				CLANG_WARN_QUOTED_INCLUDE_IN_FRAMEWORK_HEADER = YES;
				CLANG_WARN_RANGE_LOOP_ANALYSIS = YES;
				CLANG_WARN_STRICT_PROTOTYPES = YES;
				CLANG_WARN_SUSPICIOUS_MOVE = YES;
				CLANG_WARN_UNGUARDED_AVAILABILITY = YES_AGGRESSIVE;
				CLANG_WARN_UNREACHABLE_CODE = YES;
				CLANG_WARN__DUPLICATE_METHOD_MATCH = YES;
				COPY_PHASE_STRIP = NO;
				DEBUG_INFORMATION_FORMAT = dwarf;
				DEVELOPMENT_TEAM = R86N73ZKCW;
				ENABLE_STRICT_OBJC_MSGSEND = YES;
				ENABLE_TESTABILITY = YES;
				ENABLE_USER_SCRIPT_SANDBOXING = YES;
				GCC_C_LANGUAGE_STANDARD = gnu17;
				GCC_DYNAMIC_NO_PIC = NO;
				GCC_NO_COMMON_BLOCKS = YES;
				GCC_OPTIMIZATION_LEVEL = 0;
				GCC_PREPROCESSOR_DEFINITIONS = (
					"DEBUG=1",
					"$(inherited)",
				);
				GCC_WARN_64_TO_32_BIT_CONVERSION = YES;
				GCC_WARN_ABOUT_RETURN_TYPE = YES_ERROR;
				GCC_WARN_UNDECLARED_SELECTOR = YES;
				GCC_WARN_UNINITIALIZED_AUTOS = YES_AGGRESSIVE;
				GCC_WARN_UNUSED_FUNCTION = YES;
				GCC_WARN_UNUSED_VARIABLE = YES;
				IPHONEOS_DEPLOYMENT_TARGET = 26.0;
				LOCALIZATION_PREFERS_STRING_CATALOGS = YES;
				MTL_ENABLE_DEBUG_INFO = INCLUDE_SOURCE;
				MTL_FAST_MATH = YES;
				ONLY_ACTIVE_ARCH = YES;
				SDKROOT = iphoneos;
				SWIFT_ACTIVE_COMPILATION_CONDITIONS = "DEBUG $(inherited)";
				SWIFT_OPTIMIZATION_LEVEL = "-Onone";
			};
			name = Debug;
		};
		3122BDB82E95FC4700E495EE /* Release */ = {
			isa = XCBuildConfiguration;
			baseConfigurationReferenceAnchor = 3122BD922E95FC4500E495EE /* Resources */;
			baseConfigurationReferenceRelativePath = Configs/Production.xcconfig;
			buildSettings = {
				ALWAYS_SEARCH_USER_PATHS = NO;
				ASSETCATALOG_COMPILER_GENERATE_SWIFT_ASSET_SYMBOL_EXTENSIONS = YES;
				CLANG_ANALYZER_NONNULL = YES;
				CLANG_ANALYZER_NUMBER_OBJECT_CONVERSION = YES_AGGRESSIVE;
				CLANG_CXX_LANGUAGE_STANDARD = "gnu++20";
				CLANG_ENABLE_MODULES = YES;
				CLANG_ENABLE_OBJC_ARC = YES;
				CLANG_ENABLE_OBJC_WEAK = YES;
				CLANG_WARN_BLOCK_CAPTURE_AUTORELEASING = YES;
				CLANG_WARN_BOOL_CONVERSION = YES;
				CLANG_WARN_COMMA = YES;
				CLANG_WARN_CONSTANT_CONVERSION = YES;
				CLANG_WARN_DEPRECATED_OBJC_IMPLEMENTATIONS = YES;
				CLANG_WARN_DIRECT_OBJC_ISA_USAGE = YES_ERROR;
				CLANG_WARN_DOCUMENTATION_COMMENTS = YES;
				CLANG_WARN_EMPTY_BODY = YES;
				CLANG_WARN_ENUM_CONVERSION = YES;
				CLANG_WARN_INFINITE_RECURSION = YES;
				CLANG_WARN_INT_CONVERSION = YES;
				CLANG_WARN_NON_LITERAL_NULL_CONVERSION = YES;
				CLANG_WARN_OBJC_IMPLICIT_RETAIN_SELF = YES;
				CLANG_WARN_OBJC_LITERAL_CONVERSION = YES;
				CLANG_WARN_OBJC_ROOT_CLASS = YES_ERROR;
				CLANG_WARN_QUOTED_INCLUDE_IN_FRAMEWORK_HEADER = YES;
				CLANG_WARN_RANGE_LOOP_ANALYSIS = YES;
				CLANG_WARN_STRICT_PROTOTYPES = YES;
				CLANG_WARN_SUSPICIOUS_MOVE = YES;
				CLANG_WARN_UNGUARDED_AVAILABILITY = YES_AGGRESSIVE;
				CLANG_WARN_UNREACHABLE_CODE = YES;
				CLANG_WARN__DUPLICATE_METHOD_MATCH = YES;
				COPY_PHASE_STRIP = NO;
				DEBUG_INFORMATION_FORMAT = "dwarf-with-dsym";
				DEVELOPMENT_TEAM = R86N73ZKCW;
				ENABLE_NS_ASSERTIONS = NO;
				ENABLE_STRICT_OBJC_MSGSEND = YES;
				ENABLE_USER_SCRIPT_SANDBOXING = YES;
				GCC_C_LANGUAGE_STANDARD = gnu17;
				GCC_NO_COMMON_BLOCKS = YES;
				GCC_WARN_64_TO_32_BIT_CONVERSION = YES;
				GCC_WARN_ABOUT_RETURN_TYPE = YES_ERROR;
				GCC_WARN_UNDECLARED_SELECTOR = YES;
				GCC_WARN_UNINITIALIZED_AUTOS = YES_AGGRESSIVE;
				GCC_WARN_UNUSED_FUNCTION = YES;
				GCC_WARN_UNUSED_VARIABLE = YES;
				IPHONEOS_DEPLOYMENT_TARGET = 26.0;
				LOCALIZATION_PREFERS_STRING_CATALOGS = YES;
				MTL_ENABLE_DEBUG_INFO = NO;
				MTL_FAST_MATH = YES;
				SDKROOT = iphoneos;
				SWIFT_COMPILATION_MODE = wholemodule;
				VALIDATE_PRODUCT = YES;
			};
			name = Release;
		};
		3122BDBA2E95FC4700E495EE /* Debug */ = {
			isa = XCBuildConfiguration;
			baseConfigurationReferenceAnchor = 3122BD922E95FC4500E495EE /* Resources */;
			baseConfigurationReferenceRelativePath = Configs/Debug.xcconfig;
			buildSettings = {
				BUNDLE_LOADER = "$(TEST_HOST)";
				CODE_SIGN_STYLE = Automatic;
				CURRENT_PROJECT_VERSION = 1;
				DEVELOPMENT_TEAM = R86N73ZKCW;
				GENERATE_INFOPLIST_FILE = YES;
				IPHONEOS_DEPLOYMENT_TARGET = 26.0;
				MARKETING_VERSION = 1.0;
				PRODUCT_BUNDLE_IDENTIFIER = "Ergo-Sum.AgoraTests";
				PRODUCT_NAME = "$(TARGET_NAME)";
				STRING_CATALOG_GENERATE_SYMBOLS = NO;
				SWIFT_APPROACHABLE_CONCURRENCY = YES;
				SWIFT_EMIT_LOC_STRINGS = NO;
				SWIFT_UPCOMING_FEATURE_MEMBER_IMPORT_VISIBILITY = YES;
				SWIFT_VERSION = 5.0;
				TARGETED_DEVICE_FAMILY = "1,2";
				TEST_HOST = "$(BUILT_PRODUCTS_DIR)/Agora.app/$(BUNDLE_EXECUTABLE_FOLDER_PATH)/Agora";
			};
			name = Debug;
		};
		3122BDBB2E95FC4700E495EE /* Release */ = {
			isa = XCBuildConfiguration;
			baseConfigurationReferenceAnchor = 3122BD922E95FC4500E495EE /* Resources */;
			baseConfigurationReferenceRelativePath = Configs/Production.xcconfig;
			buildSettings = {
				BUNDLE_LOADER = "$(TEST_HOST)";
				CODE_SIGN_STYLE = Automatic;
				CURRENT_PROJECT_VERSION = 1;
				DEVELOPMENT_TEAM = R86N73ZKCW;
				GENERATE_INFOPLIST_FILE = YES;
				IPHONEOS_DEPLOYMENT_TARGET = 26.0;
				MARKETING_VERSION = 1.0;
				PRODUCT_BUNDLE_IDENTIFIER = "Ergo-Sum.AgoraTests";
				PRODUCT_NAME = "$(TARGET_NAME)";
				STRING_CATALOG_GENERATE_SYMBOLS = NO;
				SWIFT_APPROACHABLE_CONCURRENCY = YES;
				SWIFT_EMIT_LOC_STRINGS = NO;
				SWIFT_UPCOMING_FEATURE_MEMBER_IMPORT_VISIBILITY = YES;
				SWIFT_VERSION = 5.0;
				TARGETED_DEVICE_FAMILY = "1,2";
				TEST_HOST = "$(BUILT_PRODUCTS_DIR)/Agora.app/$(BUNDLE_EXECUTABLE_FOLDER_PATH)/Agora";
			};
			name = Release;
		};
		3122BDBD2E95FC4700E495EE /* Debug */ = {
			isa = XCBuildConfiguration;
			baseConfigurationReferenceAnchor = 3122BD922E95FC4500E495EE /* Resources */;
			baseConfigurationReferenceRelativePath = Configs/Debug.xcconfig;
			buildSettings = {
				CODE_SIGN_STYLE = Automatic;
				CURRENT_PROJECT_VERSION = 1;
				DEVELOPMENT_TEAM = R86N73ZKCW;
				GENERATE_INFOPLIST_FILE = YES;
				MARKETING_VERSION = 1.0;
				PRODUCT_BUNDLE_IDENTIFIER = "Ergo-Sum.AgoraUITests";
				PRODUCT_NAME = "$(TARGET_NAME)";
				STRING_CATALOG_GENERATE_SYMBOLS = NO;
				SWIFT_APPROACHABLE_CONCURRENCY = YES;
				SWIFT_EMIT_LOC_STRINGS = NO;
				SWIFT_UPCOMING_FEATURE_MEMBER_IMPORT_VISIBILITY = YES;
				SWIFT_VERSION = 5.0;
				TARGETED_DEVICE_FAMILY = "1,2";
				TEST_TARGET_NAME = Agora;
			};
			name = Debug;
		};
		3122BDBE2E95FC4700E495EE /* Release */ = {
			isa = XCBuildConfiguration;
			baseConfigurationReferenceAnchor = 3122BD922E95FC4500E495EE /* Resources */;
			baseConfigurationReferenceRelativePath = Configs/Production.xcconfig;
			buildSettings = {
				CODE_SIGN_STYLE = Automatic;
				CURRENT_PROJECT_VERSION = 1;
				DEVELOPMENT_TEAM = R86N73ZKCW;
				GENERATE_INFOPLIST_FILE = YES;
				MARKETING_VERSION = 1.0;
				PRODUCT_BUNDLE_IDENTIFIER = "Ergo-Sum.AgoraUITests";
				PRODUCT_NAME = "$(TARGET_NAME)";
				STRING_CATALOG_GENERATE_SYMBOLS = NO;
				SWIFT_APPROACHABLE_CONCURRENCY = YES;
				SWIFT_EMIT_LOC_STRINGS = NO;
				SWIFT_UPCOMING_FEATURE_MEMBER_IMPORT_VISIBILITY = YES;
				SWIFT_VERSION = 5.0;
				TARGETED_DEVICE_FAMILY = "1,2";
				TEST_TARGET_NAME = Agora;
			};
			name = Release;
		};
/* End XCBuildConfiguration section */

/* Begin XCConfigurationList section */
		3122BD8B2E95FC4500E495EE /* Build configuration list for PBXProject "Agora" */ = {
			isa = XCConfigurationList;
			buildConfigurations = (
				3122BDB72E95FC4700E495EE /* Debug */,
				3122BDB82E95FC4700E495EE /* Release */,
				31135F9C2E9B6DC800C21EF7 /* Staging */,
			);
			defaultConfigurationIsVisible = 0;
			defaultConfigurationName = Release;
		};
		3122BDB42E95FC4700E495EE /* Build configuration list for PBXNativeTarget "Agora" */ = {
			isa = XCConfigurationList;
			buildConfigurations = (
				3122BDB52E95FC4700E495EE /* Debug */,
				3122BDB62E95FC4700E495EE /* Release */,
				31135F9D2E9B6DC800C21EF7 /* Staging */,
			);
			defaultConfigurationIsVisible = 0;
			defaultConfigurationName = Release;
		};
		3122BDB92E95FC4700E495EE /* Build configuration list for PBXNativeTarget "AgoraTests" */ = {
			isa = XCConfigurationList;
			buildConfigurations = (
				3122BDBA2E95FC4700E495EE /* Debug */,
				3122BDBB2E95FC4700E495EE /* Release */,
				31135F9E2E9B6DC800C21EF7 /* Staging */,
			);
			defaultConfigurationIsVisible = 0;
			defaultConfigurationName = Release;
		};
		3122BDBC2E95FC4700E495EE /* Build configuration list for PBXNativeTarget "AgoraUITests" */ = {
			isa = XCConfigurationList;
			buildConfigurations = (
				3122BDBD2E95FC4700E495EE /* Debug */,
				3122BDBE2E95FC4700E495EE /* Release */,
				31135F9F2E9B6DC800C21EF7 /* Staging */,
			);
			defaultConfigurationIsVisible = 0;
			defaultConfigurationName = Release;
		};
/* End XCConfigurationList section */

/* Begin XCLocalSwiftPackageReference section */
		AuthFeaturePackage /* XCLocalSwiftPackageReference "Packages/Features/Auth" */ = {
			isa = XCLocalSwiftPackageReference;
			relativePath = Packages/Features/Auth;
		};
		ComposePackage /* XCLocalSwiftPackageReference "Packages/Features/Compose" */ = {
			isa = XCLocalSwiftPackageReference;
			relativePath = Packages/Features/Compose;
		};
		DMsPackage /* XCLocalSwiftPackageReference "Packages/Features/DMs" */ = {
			isa = XCLocalSwiftPackageReference;
			relativePath = Packages/Features/DMs;
		};
		HomeFollowingPackage /* XCLocalSwiftPackageReference "Packages/Features/HomeFollowing" */ = {
			isa = XCLocalSwiftPackageReference;
			relativePath = Packages/Features/HomeFollowing;
		};
		HomeForYouPackage /* XCLocalSwiftPackageReference "Packages/Features/HomeForYou" */ = {
			isa = XCLocalSwiftPackageReference;
			relativePath = Packages/Features/HomeForYou;
		};
		HomePackage /* XCLocalSwiftPackageReference "Packages/Features/Home" */ = {
			isa = XCLocalSwiftPackageReference;
			relativePath = Packages/Features/Home;
		};
		NotificationsPackage /* XCLocalSwiftPackageReference "Packages/Features/Notifications" */ = {
			isa = XCLocalSwiftPackageReference;
			relativePath = Packages/Features/Notifications;
		};
		PostDetailPackage /* XCLocalSwiftPackageReference "Packages/Features/PostDetail" */ = {
			isa = XCLocalSwiftPackageReference;
			relativePath = Packages/Features/PostDetail;
		};
		ProfilePackage /* XCLocalSwiftPackageReference "Packages/Features/Profile" */ = {
			isa = XCLocalSwiftPackageReference;
			relativePath = Packages/Features/Profile;
		};
		SearchPackage /* XCLocalSwiftPackageReference "Packages/Features/Search" */ = {
			isa = XCLocalSwiftPackageReference;
			relativePath = Packages/Features/Search;
		};
		ThreadingPackage /* XCLocalSwiftPackageReference "Packages/Features/Threading" */ = {
			isa = XCLocalSwiftPackageReference;
			relativePath = Packages/Features/Threading;
		};
/* End XCLocalSwiftPackageReference section */

/* Begin XCSwiftPackageProductDependency section */
		AuthFeature /* AuthFeature */ = {
			isa = XCSwiftPackageProductDependency;
			package = AuthFeaturePackage /* XCLocalSwiftPackageReference "Packages/Features/Auth" */;
			productName = AuthFeature;
		};
		Compose /* Compose */ = {
			isa = XCSwiftPackageProductDependency;
			package = ComposePackage /* XCLocalSwiftPackageReference "Packages/Features/Compose" */;
			productName = Compose;
		};
		DMs /* DMs */ = {
			isa = XCSwiftPackageProductDependency;
			package = DMsPackage /* XCLocalSwiftPackageReference "Packages/Features/DMs" */;
			productName = DMs;
		};
		Home /* Home */ = {
			isa = XCSwiftPackageProductDependency;
			package = HomePackage /* XCLocalSwiftPackageReference "Packages/Features/Home" */;
			productName = Home;
		};
		HomeFollowing /* HomeFollowing */ = {
			isa = XCSwiftPackageProductDependency;
			package = HomeFollowingPackage /* XCLocalSwiftPackageReference "Packages/Features/HomeFollowing" */;
			productName = HomeFollowing;
		};
		HomeForYou /* HomeForYou */ = {
			isa = XCSwiftPackageProductDependency;
			package = HomeForYouPackage /* XCLocalSwiftPackageReference "Packages/Features/HomeForYou" */;
			productName = HomeForYou;
		};
		Notifications /* Notifications */ = {
			isa = XCSwiftPackageProductDependency;
			package = NotificationsPackage /* XCLocalSwiftPackageReference "Packages/Features/Notifications" */;
			productName = Notifications;
		};
		PostDetail /* PostDetail */ = {
			isa = XCSwiftPackageProductDependency;
			package = PostDetailPackage /* XCLocalSwiftPackageReference "Packages/Features/PostDetail" */;
			productName = PostDetail;
		};
		Profile /* Profile */ = {
			isa = XCSwiftPackageProductDependency;
			package = ProfilePackage /* XCLocalSwiftPackageReference "Packages/Features/Profile" */;
			productName = Profile;
		};
		Search /* Search */ = {
			isa = XCSwiftPackageProductDependency;
			package = SearchPackage /* XCLocalSwiftPackageReference "Packages/Features/Search" */;
			productName = Search;
		};
		Threading /* Threading */ = {
			isa = XCSwiftPackageProductDependency;
			package = ThreadingPackage /* XCLocalSwiftPackageReference "Packages/Features/Threading" */;
			productName = Threading;
		};
/* End XCSwiftPackageProductDependency section */
	};
	rootObject = 3122BD882E95FC4500E495EE /* Project object */;
}
